// !$*UTF8*$!
{
	archiveVersion = 1;
	classes = {
	};
	objectVersion = 46;
	objects = {

/* Begin PBXBuildFile section */
		BA0193A01B0B9A8300D04B73 /* Tokenizer.m in Sources */ = {isa = PBXBuildFile; fileRef = BA3A5B341B0902350081CE50 /* Tokenizer.m */; };
		BA0193A11B0B9A8300D04B73 /* Types.m in Sources */ = {isa = PBXBuildFile; fileRef = BA14D8CF1B095EE90073D98B /* Types.m */; };
		BA0193A21B0B9A8300D04B73 /* Reader.m in Sources */ = {isa = PBXBuildFile; fileRef = BA3A5B481B090A9A0081CE50 /* Reader.m */; };
		BA0193A31B0B9A8300D04B73 /* Printer.m in Sources */ = {isa = PBXBuildFile; fileRef = BA3A5B4C1B0910040081CE50 /* Printer.m */; };
		BA0193A51B0B9A8300D04B73 /* main.m in Sources */ = {isa = PBXBuildFile; fileRef = BA14D8871B092A1E0073D98B /* main.m */; };
		BA0193A61B0B9A8300D04B73 /* Environment.m in Sources */ = {isa = PBXBuildFile; fileRef = BA14D8A41B0938190073D98B /* Environment.m */; };
		BA0193A71B0B9A8300D04B73 /* Core.m in Sources */ = {isa = PBXBuildFile; fileRef = BA14D8CC1B094D320073D98B /* Core.m */; };
		BA0193A81B0B9A8300D04B73 /* Function.m in Sources */ = {isa = PBXBuildFile; fileRef = BA14D8A11B09321F0073D98B /* Function.m */; };
		BA0193A91B0B9A8300D04B73 /* NSArray+Functional.m in Sources */ = {isa = PBXBuildFile; fileRef = BA14D88B1B092D1B0073D98B /* NSArray+Functional.m */; };
		BA0193AA1B0B9A8300D04B73 /* Consumers.m in Sources */ = {isa = PBXBuildFile; fileRef = BA084B0D1B0A65A0008F471C /* Consumers.m */; };
		BA0193B21B0B9ABA00D04B73 /* step7_quote.m in Sources */ = {isa = PBXBuildFile; fileRef = BA0193B11B0B9ABA00D04B73 /* step7_quote.m */; };
		BA0193B31B0B9AC100D04B73 /* step6_file.m in Sources */ = {isa = PBXBuildFile; fileRef = BA084B091B0A55AE008F471C /* step6_file.m */; };
		BA084AE51B0A4E75008F471C /* Tokenizer.m in Sources */ = {isa = PBXBuildFile; fileRef = BA3A5B341B0902350081CE50 /* Tokenizer.m */; };
		BA084AE61B0A4E75008F471C /* Types.m in Sources */ = {isa = PBXBuildFile; fileRef = BA14D8CF1B095EE90073D98B /* Types.m */; };
		BA084AE71B0A4E75008F471C /* Reader.m in Sources */ = {isa = PBXBuildFile; fileRef = BA3A5B481B090A9A0081CE50 /* Reader.m */; };
		BA084AE81B0A4E75008F471C /* Printer.m in Sources */ = {isa = PBXBuildFile; fileRef = BA3A5B4C1B0910040081CE50 /* Printer.m */; };
		BA084AE91B0A4E75008F471C /* main.m in Sources */ = {isa = PBXBuildFile; fileRef = BA14D8871B092A1E0073D98B /* main.m */; };
		BA084AEA1B0A4E75008F471C /* Environment.m in Sources */ = {isa = PBXBuildFile; fileRef = BA14D8A41B0938190073D98B /* Environment.m */; };
		BA084AEB1B0A4E75008F471C /* Core.m in Sources */ = {isa = PBXBuildFile; fileRef = BA14D8CC1B094D320073D98B /* Core.m */; };
		BA084AED1B0A4E75008F471C /* Function.m in Sources */ = {isa = PBXBuildFile; fileRef = BA14D8A11B09321F0073D98B /* Function.m */; };
		BA084AEE1B0A4E75008F471C /* NSArray+Functional.m in Sources */ = {isa = PBXBuildFile; fileRef = BA14D88B1B092D1B0073D98B /* NSArray+Functional.m */; };
		BA084AF91B0A5583008F471C /* Tokenizer.m in Sources */ = {isa = PBXBuildFile; fileRef = BA3A5B341B0902350081CE50 /* Tokenizer.m */; };
		BA084AFB1B0A5583008F471C /* Types.m in Sources */ = {isa = PBXBuildFile; fileRef = BA14D8CF1B095EE90073D98B /* Types.m */; };
		BA084AFC1B0A5583008F471C /* Reader.m in Sources */ = {isa = PBXBuildFile; fileRef = BA3A5B481B090A9A0081CE50 /* Reader.m */; };
		BA084AFD1B0A5583008F471C /* Printer.m in Sources */ = {isa = PBXBuildFile; fileRef = BA3A5B4C1B0910040081CE50 /* Printer.m */; };
		BA084AFE1B0A5583008F471C /* main.m in Sources */ = {isa = PBXBuildFile; fileRef = BA14D8871B092A1E0073D98B /* main.m */; };
		BA084AFF1B0A5583008F471C /* Environment.m in Sources */ = {isa = PBXBuildFile; fileRef = BA14D8A41B0938190073D98B /* Environment.m */; };
		BA084B001B0A5583008F471C /* Core.m in Sources */ = {isa = PBXBuildFile; fileRef = BA14D8CC1B094D320073D98B /* Core.m */; };
		BA084B011B0A5583008F471C /* Function.m in Sources */ = {isa = PBXBuildFile; fileRef = BA14D8A11B09321F0073D98B /* Function.m */; };
		BA084B021B0A5583008F471C /* NSArray+Functional.m in Sources */ = {isa = PBXBuildFile; fileRef = BA14D88B1B092D1B0073D98B /* NSArray+Functional.m */; };
		BA084B0B1B0A55B2008F471C /* step5_tco.m in Sources */ = {isa = PBXBuildFile; fileRef = BA084AF51B0A4E8E008F471C /* step5_tco.m */; };
		BA084B0E1B0A65A0008F471C /* Consumers.m in Sources */ = {isa = PBXBuildFile; fileRef = BA084B0D1B0A65A0008F471C /* Consumers.m */; };
		BA084B0F1B0A6B6B008F471C /* Consumers.m in Sources */ = {isa = PBXBuildFile; fileRef = BA084B0D1B0A65A0008F471C /* Consumers.m */; };
		BA084B101B0A6B6B008F471C /* Consumers.m in Sources */ = {isa = PBXBuildFile; fileRef = BA084B0D1B0A65A0008F471C /* Consumers.m */; };
		BA084B111B0A6B6C008F471C /* Consumers.m in Sources */ = {isa = PBXBuildFile; fileRef = BA084B0D1B0A65A0008F471C /* Consumers.m */; };
		BA084B121B0A6B6D008F471C /* Consumers.m in Sources */ = {isa = PBXBuildFile; fileRef = BA084B0D1B0A65A0008F471C /* Consumers.m */; };
		BA084B131B0A6B6D008F471C /* Consumers.m in Sources */ = {isa = PBXBuildFile; fileRef = BA084B0D1B0A65A0008F471C /* Consumers.m */; };
		BA14D8881B092A1E0073D98B /* main.m in Sources */ = {isa = PBXBuildFile; fileRef = BA14D8871B092A1E0073D98B /* main.m */; };
		BA14D8891B092A1E0073D98B /* main.m in Sources */ = {isa = PBXBuildFile; fileRef = BA14D8871B092A1E0073D98B /* main.m */; };
		BA14D88C1B092D1B0073D98B /* NSArray+Functional.m in Sources */ = {isa = PBXBuildFile; fileRef = BA14D88B1B092D1B0073D98B /* NSArray+Functional.m */; };
		BA14D88F1B092D800073D98B /* Tokenizer.m in Sources */ = {isa = PBXBuildFile; fileRef = BA3A5B341B0902350081CE50 /* Tokenizer.m */; };
		BA14D8901B092D800073D98B /* Reader.m in Sources */ = {isa = PBXBuildFile; fileRef = BA3A5B481B090A9A0081CE50 /* Reader.m */; };
		BA14D8911B092D800073D98B /* Printer.m in Sources */ = {isa = PBXBuildFile; fileRef = BA3A5B4C1B0910040081CE50 /* Printer.m */; };
		BA14D8931B092D800073D98B /* main.m in Sources */ = {isa = PBXBuildFile; fileRef = BA14D8871B092A1E0073D98B /* main.m */; };
		BA14D8941B092D800073D98B /* NSArray+Functional.m in Sources */ = {isa = PBXBuildFile; fileRef = BA14D88B1B092D1B0073D98B /* NSArray+Functional.m */; };
		BA14D89C1B092DC60073D98B /* step2_eval.m in Sources */ = {isa = PBXBuildFile; fileRef = BA14D89B1B092DC60073D98B /* step2_eval.m */; };
		BA14D8A21B09321F0073D98B /* Function.m in Sources */ = {isa = PBXBuildFile; fileRef = BA14D8A11B09321F0073D98B /* Function.m */; };
		BA14D8A91B0938690073D98B /* Tokenizer.m in Sources */ = {isa = PBXBuildFile; fileRef = BA3A5B341B0902350081CE50 /* Tokenizer.m */; };
		BA14D8AA1B0938690073D98B /* Reader.m in Sources */ = {isa = PBXBuildFile; fileRef = BA3A5B481B090A9A0081CE50 /* Reader.m */; };
		BA14D8AB1B0938690073D98B /* Printer.m in Sources */ = {isa = PBXBuildFile; fileRef = BA3A5B4C1B0910040081CE50 /* Printer.m */; };
		BA14D8AD1B0938690073D98B /* main.m in Sources */ = {isa = PBXBuildFile; fileRef = BA14D8871B092A1E0073D98B /* main.m */; };
		BA14D8AE1B0938690073D98B /* Environment.m in Sources */ = {isa = PBXBuildFile; fileRef = BA14D8A41B0938190073D98B /* Environment.m */; };
		BA14D8AF1B0938690073D98B /* Function.m in Sources */ = {isa = PBXBuildFile; fileRef = BA14D8A11B09321F0073D98B /* Function.m */; };
		BA14D8B01B0938690073D98B /* NSArray+Functional.m in Sources */ = {isa = PBXBuildFile; fileRef = BA14D88B1B092D1B0073D98B /* NSArray+Functional.m */; };
		BA14D8BA1B0942C50073D98B /* Tokenizer.m in Sources */ = {isa = PBXBuildFile; fileRef = BA3A5B341B0902350081CE50 /* Tokenizer.m */; };
		BA14D8BB1B0942C50073D98B /* Reader.m in Sources */ = {isa = PBXBuildFile; fileRef = BA3A5B481B090A9A0081CE50 /* Reader.m */; };
		BA14D8BD1B0942C50073D98B /* Printer.m in Sources */ = {isa = PBXBuildFile; fileRef = BA3A5B4C1B0910040081CE50 /* Printer.m */; };
		BA14D8BE1B0942C50073D98B /* main.m in Sources */ = {isa = PBXBuildFile; fileRef = BA14D8871B092A1E0073D98B /* main.m */; };
		BA14D8BF1B0942C50073D98B /* Environment.m in Sources */ = {isa = PBXBuildFile; fileRef = BA14D8A41B0938190073D98B /* Environment.m */; };
		BA14D8C01B0942C50073D98B /* Function.m in Sources */ = {isa = PBXBuildFile; fileRef = BA14D8A11B09321F0073D98B /* Function.m */; };
		BA14D8C11B0942C50073D98B /* NSArray+Functional.m in Sources */ = {isa = PBXBuildFile; fileRef = BA14D88B1B092D1B0073D98B /* NSArray+Functional.m */; };
		BA14D8C91B0942EC0073D98B /* step4_if_fn_do.m in Sources */ = {isa = PBXBuildFile; fileRef = BA14D8C81B0942EC0073D98B /* step4_if_fn_do.m */; };
		BA14D8CA1B09430B0073D98B /* step3_env.m in Sources */ = {isa = PBXBuildFile; fileRef = BA14D8A61B0938620073D98B /* step3_env.m */; };
		BA14D8CD1B094D320073D98B /* Core.m in Sources */ = {isa = PBXBuildFile; fileRef = BA14D8CC1B094D320073D98B /* Core.m */; };
		BA14D8D01B095EE90073D98B /* Types.m in Sources */ = {isa = PBXBuildFile; fileRef = BA14D8CF1B095EE90073D98B /* Types.m */; };
		BA14D8D11B0961270073D98B /* Types.m in Sources */ = {isa = PBXBuildFile; fileRef = BA14D8CF1B095EE90073D98B /* Types.m */; };
		BA14D8D21B0961280073D98B /* Types.m in Sources */ = {isa = PBXBuildFile; fileRef = BA14D8CF1B095EE90073D98B /* Types.m */; };
		BA14D8D31B0961280073D98B /* Types.m in Sources */ = {isa = PBXBuildFile; fileRef = BA14D8CF1B095EE90073D98B /* Types.m */; };
		BA3931B81B08E6B400C690F2 /* step0_repl.m in Sources */ = {isa = PBXBuildFile; fileRef = BA3931B71B08E6B400C690F2 /* step0_repl.m */; };
		BA3A5B321B0901CD0081CE50 /* step1_read_print.m in Sources */ = {isa = PBXBuildFile; fileRef = BA3A5B281B0901BF0081CE50 /* step1_read_print.m */; };
		BA3A5B361B0902390081CE50 /* Tokenizer.m in Sources */ = {isa = PBXBuildFile; fileRef = BA3A5B341B0902350081CE50 /* Tokenizer.m */; };
		BA3A5B4A1B090AA10081CE50 /* Reader.m in Sources */ = {isa = PBXBuildFile; fileRef = BA3A5B481B090A9A0081CE50 /* Reader.m */; };
		BA3A5B4E1B0910090081CE50 /* Printer.m in Sources */ = {isa = PBXBuildFile; fileRef = BA3A5B4C1B0910040081CE50 /* Printer.m */; };
/* End PBXBuildFile section */

/* Begin PBXCopyFilesBuildPhase section */
		BA0193AC1B0B9A8300D04B73 /* CopyFiles */ = {
			isa = PBXCopyFilesBuildPhase;
			buildActionMask = 2147483647;
			dstPath = /usr/share/man/man1/;
			dstSubfolderSpec = 0;
			files = (
			);
			runOnlyForDeploymentPostprocessing = 1;
		};
		BA084AF01B0A4E75008F471C /* CopyFiles */ = {
			isa = PBXCopyFilesBuildPhase;
			buildActionMask = 2147483647;
			dstPath = /usr/share/man/man1/;
			dstSubfolderSpec = 0;
			files = (
			);
			runOnlyForDeploymentPostprocessing = 1;
		};
		BA084B041B0A5583008F471C /* CopyFiles */ = {
			isa = PBXCopyFilesBuildPhase;
			buildActionMask = 2147483647;
			dstPath = /usr/share/man/man1/;
			dstSubfolderSpec = 0;
			files = (
			);
			runOnlyForDeploymentPostprocessing = 1;
		};
		BA14D8961B092D800073D98B /* CopyFiles */ = {
			isa = PBXCopyFilesBuildPhase;
			buildActionMask = 2147483647;
			dstPath = /usr/share/man/man1/;
			dstSubfolderSpec = 0;
			files = (
			);
			runOnlyForDeploymentPostprocessing = 1;
		};
		BA14D8B21B0938690073D98B /* CopyFiles */ = {
			isa = PBXCopyFilesBuildPhase;
			buildActionMask = 2147483647;
			dstPath = /usr/share/man/man1/;
			dstSubfolderSpec = 0;
			files = (
			);
			runOnlyForDeploymentPostprocessing = 1;
		};
		BA14D8C31B0942C50073D98B /* CopyFiles */ = {
			isa = PBXCopyFilesBuildPhase;
			buildActionMask = 2147483647;
			dstPath = /usr/share/man/man1/;
			dstSubfolderSpec = 0;
			files = (
			);
			runOnlyForDeploymentPostprocessing = 1;
		};
		BA3931A81B08E55900C690F2 /* CopyFiles */ = {
			isa = PBXCopyFilesBuildPhase;
			buildActionMask = 2147483647;
			dstPath = /usr/share/man/man1/;
			dstSubfolderSpec = 0;
			files = (
			);
			runOnlyForDeploymentPostprocessing = 1;
		};
		BA3A5B2D1B0901C40081CE50 /* CopyFiles */ = {
			isa = PBXCopyFilesBuildPhase;
			buildActionMask = 2147483647;
			dstPath = /usr/share/man/man1/;
			dstSubfolderSpec = 0;
			files = (
			);
			runOnlyForDeploymentPostprocessing = 1;
		};
/* End PBXCopyFilesBuildPhase section */

/* Begin PBXFileReference section */
		BA0193B01B0B9A8300D04B73 /* step7_quote */ = {isa = PBXFileReference; explicitFileType = "compiled.mach-o.executable"; includeInIndex = 0; path = step7_quote; sourceTree = BUILT_PRODUCTS_DIR; };
		BA0193B11B0B9ABA00D04B73 /* step7_quote.m */ = {isa = PBXFileReference; fileEncoding = 4; lastKnownFileType = sourcecode.c.objc; path = step7_quote.m; sourceTree = "<group>"; };
		BA084AF41B0A4E75008F471C /* step5_tco */ = {isa = PBXFileReference; explicitFileType = "compiled.mach-o.executable"; includeInIndex = 0; path = step5_tco; sourceTree = BUILT_PRODUCTS_DIR; };
		BA084AF51B0A4E8E008F471C /* step5_tco.m */ = {isa = PBXFileReference; fileEncoding = 4; lastKnownFileType = sourcecode.c.objc; path = step5_tco.m; sourceTree = "<group>"; };
		BA084B081B0A5583008F471C /* step6_file */ = {isa = PBXFileReference; explicitFileType = "compiled.mach-o.executable"; includeInIndex = 0; path = step6_file; sourceTree = BUILT_PRODUCTS_DIR; };
		BA084B091B0A55AE008F471C /* step6_file.m */ = {isa = PBXFileReference; fileEncoding = 4; lastKnownFileType = sourcecode.c.objc; path = step6_file.m; sourceTree = "<group>"; };
		BA084B0C1B0A65A0008F471C /* Consumers.h */ = {isa = PBXFileReference; fileEncoding = 4; lastKnownFileType = sourcecode.c.h; path = Consumers.h; sourceTree = "<group>"; };
		BA084B0D1B0A65A0008F471C /* Consumers.m */ = {isa = PBXFileReference; fileEncoding = 4; lastKnownFileType = sourcecode.c.objc; path = Consumers.m; sourceTree = "<group>"; };
		BA14D8871B092A1E0073D98B /* main.m */ = {isa = PBXFileReference; fileEncoding = 4; lastKnownFileType = sourcecode.c.objc; path = main.m; sourceTree = "<group>"; };
		BA14D88A1B092D1B0073D98B /* NSArray+Functional.h */ = {isa = PBXFileReference; fileEncoding = 4; lastKnownFileType = sourcecode.c.h; path = "NSArray+Functional.h"; sourceTree = "<group>"; };
		BA14D88B1B092D1B0073D98B /* NSArray+Functional.m */ = {isa = PBXFileReference; fileEncoding = 4; lastKnownFileType = sourcecode.c.objc; path = "NSArray+Functional.m"; sourceTree = "<group>"; };
		BA14D89A1B092D800073D98B /* step2_eval */ = {isa = PBXFileReference; explicitFileType = "compiled.mach-o.executable"; includeInIndex = 0; path = step2_eval; sourceTree = BUILT_PRODUCTS_DIR; };
		BA14D89B1B092DC60073D98B /* step2_eval.m */ = {isa = PBXFileReference; fileEncoding = 4; lastKnownFileType = sourcecode.c.objc; path = step2_eval.m; sourceTree = "<group>"; };
		BA14D89D1B092E790073D98B /* REPL.h */ = {isa = PBXFileReference; fileEncoding = 4; lastKnownFileType = sourcecode.c.h; path = REPL.h; sourceTree = "<group>"; };
		BA14D8A01B09321F0073D98B /* Function.h */ = {isa = PBXFileReference; fileEncoding = 4; lastKnownFileType = sourcecode.c.h; path = Function.h; sourceTree = "<group>"; };
		BA14D8A11B09321F0073D98B /* Function.m */ = {isa = PBXFileReference; fileEncoding = 4; lastKnownFileType = sourcecode.c.objc; path = Function.m; sourceTree = "<group>"; };
		BA14D8A31B0938190073D98B /* Environment.h */ = {isa = PBXFileReference; fileEncoding = 4; lastKnownFileType = sourcecode.c.h; path = Environment.h; sourceTree = "<group>"; };
		BA14D8A41B0938190073D98B /* Environment.m */ = {isa = PBXFileReference; fileEncoding = 4; lastKnownFileType = sourcecode.c.objc; path = Environment.m; sourceTree = "<group>"; };
		BA14D8A61B0938620073D98B /* step3_env.m */ = {isa = PBXFileReference; lastKnownFileType = sourcecode.c.objc; path = step3_env.m; sourceTree = "<group>"; };
		BA14D8B61B0938690073D98B /* step3_env */ = {isa = PBXFileReference; explicitFileType = "compiled.mach-o.executable"; includeInIndex = 0; path = step3_env; sourceTree = BUILT_PRODUCTS_DIR; };
		BA14D8C71B0942C50073D98B /* step4_if_fn_do */ = {isa = PBXFileReference; explicitFileType = "compiled.mach-o.executable"; includeInIndex = 0; path = step4_if_fn_do; sourceTree = BUILT_PRODUCTS_DIR; };
		BA14D8C81B0942EC0073D98B /* step4_if_fn_do.m */ = {isa = PBXFileReference; fileEncoding = 4; lastKnownFileType = sourcecode.c.objc; path = step4_if_fn_do.m; sourceTree = "<group>"; };
		BA14D8CB1B094D320073D98B /* Core.h */ = {isa = PBXFileReference; fileEncoding = 4; lastKnownFileType = sourcecode.c.h; path = Core.h; sourceTree = "<group>"; };
		BA14D8CC1B094D320073D98B /* Core.m */ = {isa = PBXFileReference; fileEncoding = 4; lastKnownFileType = sourcecode.c.objc; path = Core.m; sourceTree = "<group>"; };
		BA14D8CE1B095EE90073D98B /* Types.h */ = {isa = PBXFileReference; fileEncoding = 4; lastKnownFileType = sourcecode.c.h; path = Types.h; sourceTree = "<group>"; };
		BA14D8CF1B095EE90073D98B /* Types.m */ = {isa = PBXFileReference; fileEncoding = 4; lastKnownFileType = sourcecode.c.objc; path = Types.m; sourceTree = "<group>"; };
		BA3931AA1B08E55900C690F2 /* step0_repl */ = {isa = PBXFileReference; explicitFileType = "compiled.mach-o.executable"; includeInIndex = 0; path = step0_repl; sourceTree = BUILT_PRODUCTS_DIR; };
		BA3931B41B08E58B00C690F2 /* Makefile */ = {isa = PBXFileReference; lastKnownFileType = sourcecode.make; path = Makefile; sourceTree = "<group>"; };
		BA3931B71B08E6B400C690F2 /* step0_repl.m */ = {isa = PBXFileReference; fileEncoding = 4; lastKnownFileType = sourcecode.c.objc; path = step0_repl.m; sourceTree = "<group>"; };
		BA3931B91B08F10100C690F2 /* Makefile */ = {isa = PBXFileReference; lastKnownFileType = sourcecode.make; path = Makefile; sourceTree = "<group>"; };
		BA3A5B281B0901BF0081CE50 /* step1_read_print.m */ = {isa = PBXFileReference; lastKnownFileType = sourcecode.c.objc; path = step1_read_print.m; sourceTree = "<group>"; };
		BA3A5B311B0901C40081CE50 /* step1_read_print */ = {isa = PBXFileReference; explicitFileType = "compiled.mach-o.executable"; includeInIndex = 0; path = step1_read_print; sourceTree = BUILT_PRODUCTS_DIR; };
		BA3A5B331B0902350081CE50 /* Tokenizer.h */ = {isa = PBXFileReference; fileEncoding = 4; lastKnownFileType = sourcecode.c.h; path = Tokenizer.h; sourceTree = "<group>"; };
		BA3A5B341B0902350081CE50 /* Tokenizer.m */ = {isa = PBXFileReference; fileEncoding = 4; lastKnownFileType = sourcecode.c.objc; path = Tokenizer.m; sourceTree = "<group>"; };
		BA3A5B471B090A9A0081CE50 /* Reader.h */ = {isa = PBXFileReference; fileEncoding = 4; lastKnownFileType = sourcecode.c.h; path = Reader.h; sourceTree = "<group>"; };
		BA3A5B481B090A9A0081CE50 /* Reader.m */ = {isa = PBXFileReference; fileEncoding = 4; lastKnownFileType = sourcecode.c.objc; path = Reader.m; sourceTree = "<group>"; };
		BA3A5B4B1B0910040081CE50 /* Printer.h */ = {isa = PBXFileReference; fileEncoding = 4; lastKnownFileType = sourcecode.c.h; path = Printer.h; sourceTree = "<group>"; };
		BA3A5B4C1B0910040081CE50 /* Printer.m */ = {isa = PBXFileReference; fileEncoding = 4; lastKnownFileType = sourcecode.c.objc; path = Printer.m; sourceTree = "<group>"; };
/* End PBXFileReference section */

/* Begin PBXFrameworksBuildPhase section */
		BA0193AB1B0B9A8300D04B73 /* Frameworks */ = {
			isa = PBXFrameworksBuildPhase;
			buildActionMask = 2147483647;
			files = (
			);
			runOnlyForDeploymentPostprocessing = 0;
		};
		BA084AEF1B0A4E75008F471C /* Frameworks */ = {
			isa = PBXFrameworksBuildPhase;
			buildActionMask = 2147483647;
			files = (
			);
			runOnlyForDeploymentPostprocessing = 0;
		};
		BA084B031B0A5583008F471C /* Frameworks */ = {
			isa = PBXFrameworksBuildPhase;
			buildActionMask = 2147483647;
			files = (
			);
			runOnlyForDeploymentPostprocessing = 0;
		};
		BA14D8951B092D800073D98B /* Frameworks */ = {
			isa = PBXFrameworksBuildPhase;
			buildActionMask = 2147483647;
			files = (
			);
			runOnlyForDeploymentPostprocessing = 0;
		};
		BA14D8B11B0938690073D98B /* Frameworks */ = {
			isa = PBXFrameworksBuildPhase;
			buildActionMask = 2147483647;
			files = (
			);
			runOnlyForDeploymentPostprocessing = 0;
		};
		BA14D8C21B0942C50073D98B /* Frameworks */ = {
			isa = PBXFrameworksBuildPhase;
			buildActionMask = 2147483647;
			files = (
			);
			runOnlyForDeploymentPostprocessing = 0;
		};
		BA3931A71B08E55900C690F2 /* Frameworks */ = {
			isa = PBXFrameworksBuildPhase;
			buildActionMask = 2147483647;
			files = (
			);
			runOnlyForDeploymentPostprocessing = 0;
		};
		BA3A5B2C1B0901C40081CE50 /* Frameworks */ = {
			isa = PBXFrameworksBuildPhase;
			buildActionMask = 2147483647;
			files = (
			);
			runOnlyForDeploymentPostprocessing = 0;
		};
/* End PBXFrameworksBuildPhase section */

/* Begin PBXGroup section */
		BA3931A11B08E55900C690F2 = {
			isa = PBXGroup;
			children = (
				BA3931B91B08F10100C690F2 /* Makefile */,
				BA3931B51B08E59100C690F2 /* Global Makefile */,
				BA3931AC1B08E55900C690F2 /* mal-objc */,
				BA3931AB1B08E55900C690F2 /* Products */,
			);
			sourceTree = "<group>";
		};
		BA3931AB1B08E55900C690F2 /* Products */ = {
			isa = PBXGroup;
			children = (
				BA3931AA1B08E55900C690F2 /* step0_repl */,
				BA3A5B311B0901C40081CE50 /* step1_read_print */,
				BA14D89A1B092D800073D98B /* step2_eval */,
				BA14D8B61B0938690073D98B /* step3_env */,
				BA14D8C71B0942C50073D98B /* step4_if_fn_do */,
				BA084AF41B0A4E75008F471C /* step5_tco */,
				BA084B081B0A5583008F471C /* step6_file */,
				BA0193B01B0B9A8300D04B73 /* step7_quote */,
			);
			name = Products;
			sourceTree = "<group>";
		};
		BA3931AC1B08E55900C690F2 /* mal-objc */ = {
			isa = PBXGroup;
			children = (
				BA14D8871B092A1E0073D98B /* main.m */,
				BA14D89D1B092E790073D98B /* REPL.h */,
				BA3931B71B08E6B400C690F2 /* step0_repl.m */,
				BA3A5B281B0901BF0081CE50 /* step1_read_print.m */,
				BA14D89B1B092DC60073D98B /* step2_eval.m */,
				BA14D8A61B0938620073D98B /* step3_env.m */,
				BA14D8C81B0942EC0073D98B /* step4_if_fn_do.m */,
				BA084AF51B0A4E8E008F471C /* step5_tco.m */,
				BA084B091B0A55AE008F471C /* step6_file.m */,
				BA0193B11B0B9ABA00D04B73 /* step7_quote.m */,
				BA3A5B521B0911220081CE50 /* Helpers */,
				BA3A5B331B0902350081CE50 /* Tokenizer.h */,
				BA3A5B341B0902350081CE50 /* Tokenizer.m */,
				BA3A5B471B090A9A0081CE50 /* Reader.h */,
				BA3A5B481B090A9A0081CE50 /* Reader.m */,
				BA3A5B4B1B0910040081CE50 /* Printer.h */,
				BA3A5B4C1B0910040081CE50 /* Printer.m */,
				BA14D8A01B09321F0073D98B /* Function.h */,
				BA14D8A11B09321F0073D98B /* Function.m */,
				BA14D8A31B0938190073D98B /* Environment.h */,
				BA14D8A41B0938190073D98B /* Environment.m */,
				BA14D8CB1B094D320073D98B /* Core.h */,
				BA14D8CC1B094D320073D98B /* Core.m */,
				BA14D8CE1B095EE90073D98B /* Types.h */,
				BA14D8CF1B095EE90073D98B /* Types.m */,
			);
			path = "mal-objc";
			sourceTree = "<group>";
		};
		BA3931B51B08E59100C690F2 /* Global Makefile */ = {
			isa = PBXGroup;
			children = (
				BA3931B41B08E58B00C690F2 /* Makefile */,
			);
			name = "Global Makefile";
			path = ..;
			sourceTree = "<group>";
		};
		BA3A5B521B0911220081CE50 /* Helpers */ = {
			isa = PBXGroup;
			children = (
				BA14D88A1B092D1B0073D98B /* NSArray+Functional.h */,
				BA14D88B1B092D1B0073D98B /* NSArray+Functional.m */,
				BA084B0C1B0A65A0008F471C /* Consumers.h */,
				BA084B0D1B0A65A0008F471C /* Consumers.m */,
			);
			name = Helpers;
			sourceTree = "<group>";
		};
/* End PBXGroup section */

/* Begin PBXNativeTarget section */
		BA01939E1B0B9A8300D04B73 /* step7_quote */ = {
			isa = PBXNativeTarget;
			buildConfigurationList = BA0193AD1B0B9A8300D04B73 /* Build configuration list for PBXNativeTarget "step7_quote" */;
			buildPhases = (
				BA01939F1B0B9A8300D04B73 /* Sources */,
				BA0193AB1B0B9A8300D04B73 /* Frameworks */,
				BA0193AC1B0B9A8300D04B73 /* CopyFiles */,
			);
			buildRules = (
			);
			dependencies = (
			);
			name = step7_quote;
			productName = "mal-objc";
			productReference = BA0193B01B0B9A8300D04B73 /* step7_quote */;
			productType = "com.apple.product-type.tool";
		};
		BA084AE31B0A4E75008F471C /* step5_tco */ = {
			isa = PBXNativeTarget;
			buildConfigurationList = BA084AF11B0A4E75008F471C /* Build configuration list for PBXNativeTarget "step5_tco" */;
			buildPhases = (
				BA084AE41B0A4E75008F471C /* Sources */,
				BA084AEF1B0A4E75008F471C /* Frameworks */,
				BA084AF01B0A4E75008F471C /* CopyFiles */,
			);
			buildRules = (
			);
			dependencies = (
			);
			name = step5_tco;
			productName = "mal-objc";
			productReference = BA084AF41B0A4E75008F471C /* step5_tco */;
			productType = "com.apple.product-type.tool";
		};
		BA084AF71B0A5583008F471C /* step6_file */ = {
			isa = PBXNativeTarget;
			buildConfigurationList = BA084B051B0A5583008F471C /* Build configuration list for PBXNativeTarget "step6_file" */;
			buildPhases = (
				BA084AF81B0A5583008F471C /* Sources */,
				BA084B031B0A5583008F471C /* Frameworks */,
				BA084B041B0A5583008F471C /* CopyFiles */,
			);
			buildRules = (
			);
			dependencies = (
			);
			name = step6_file;
			productName = "mal-objc";
			productReference = BA084B081B0A5583008F471C /* step6_file */;
			productType = "com.apple.product-type.tool";
		};
		BA14D88D1B092D800073D98B /* step2_eval */ = {
			isa = PBXNativeTarget;
			buildConfigurationList = BA14D8971B092D800073D98B /* Build configuration list for PBXNativeTarget "step2_eval" */;
			buildPhases = (
				BA14D88E1B092D800073D98B /* Sources */,
				BA14D8951B092D800073D98B /* Frameworks */,
				BA14D8961B092D800073D98B /* CopyFiles */,
			);
			buildRules = (
			);
			dependencies = (
			);
			name = step2_eval;
			productName = "mal-objc";
			productReference = BA14D89A1B092D800073D98B /* step2_eval */;
			productType = "com.apple.product-type.tool";
		};
		BA14D8A71B0938690073D98B /* step3_env */ = {
			isa = PBXNativeTarget;
			buildConfigurationList = BA14D8B31B0938690073D98B /* Build configuration list for PBXNativeTarget "step3_env" */;
			buildPhases = (
				BA14D8A81B0938690073D98B /* Sources */,
				BA14D8B11B0938690073D98B /* Frameworks */,
				BA14D8B21B0938690073D98B /* CopyFiles */,
			);
			buildRules = (
			);
			dependencies = (
			);
			name = step3_env;
			productName = "mal-objc";
			productReference = BA14D8B61B0938690073D98B /* step3_env */;
			productType = "com.apple.product-type.tool";
		};
		BA14D8B81B0942C50073D98B /* step4_if_fn_do */ = {
			isa = PBXNativeTarget;
			buildConfigurationList = BA14D8C41B0942C50073D98B /* Build configuration list for PBXNativeTarget "step4_if_fn_do" */;
			buildPhases = (
				BA14D8B91B0942C50073D98B /* Sources */,
				BA14D8C21B0942C50073D98B /* Frameworks */,
				BA14D8C31B0942C50073D98B /* CopyFiles */,
			);
			buildRules = (
			);
			dependencies = (
			);
			name = step4_if_fn_do;
			productName = "mal-objc";
			productReference = BA14D8C71B0942C50073D98B /* step4_if_fn_do */;
			productType = "com.apple.product-type.tool";
		};
		BA3931A91B08E55900C690F2 /* step0_repl */ = {
			isa = PBXNativeTarget;
			buildConfigurationList = BA3931B11B08E55900C690F2 /* Build configuration list for PBXNativeTarget "step0_repl" */;
			buildPhases = (
				BA3931A61B08E55900C690F2 /* Sources */,
				BA3931A71B08E55900C690F2 /* Frameworks */,
				BA3931A81B08E55900C690F2 /* CopyFiles */,
			);
			buildRules = (
			);
			dependencies = (
			);
			name = step0_repl;
			productName = "mal-objc";
			productReference = BA3931AA1B08E55900C690F2 /* step0_repl */;
			productType = "com.apple.product-type.tool";
		};
		BA3A5B291B0901C40081CE50 /* step1_read_print */ = {
			isa = PBXNativeTarget;
			buildConfigurationList = BA3A5B2E1B0901C40081CE50 /* Build configuration list for PBXNativeTarget "step1_read_print" */;
			buildPhases = (
				BA3A5B2A1B0901C40081CE50 /* Sources */,
				BA3A5B2C1B0901C40081CE50 /* Frameworks */,
				BA3A5B2D1B0901C40081CE50 /* CopyFiles */,
			);
			buildRules = (
			);
			dependencies = (
			);
			name = step1_read_print;
			productName = "mal-objc";
			productReference = BA3A5B311B0901C40081CE50 /* step1_read_print */;
			productType = "com.apple.product-type.tool";
		};
/* End PBXNativeTarget section */

/* Begin PBXProject section */
		BA3931A21B08E55900C690F2 /* Project object */ = {
			isa = PBXProject;
			attributes = {
				LastUpgradeCheck = 0630;
				ORGANIZATIONNAME = ilyan;
				TargetAttributes = {
					BA3931A91B08E55900C690F2 = {
						CreatedOnToolsVersion = 6.3.1;
					};
				};
			};
			buildConfigurationList = BA3931A51B08E55900C690F2 /* Build configuration list for PBXProject "mal_objc" */;
			compatibilityVersion = "Xcode 3.2";
			developmentRegion = English;
			hasScannedForEncodings = 0;
			knownRegions = (
				en,
			);
			mainGroup = BA3931A11B08E55900C690F2;
			productRefGroup = BA3931AB1B08E55900C690F2 /* Products */;
			projectDirPath = "";
			projectRoot = "";
			targets = (
				BA3931A91B08E55900C690F2 /* step0_repl */,
				BA3A5B291B0901C40081CE50 /* step1_read_print */,
				BA14D88D1B092D800073D98B /* step2_eval */,
				BA14D8A71B0938690073D98B /* step3_env */,
				BA14D8B81B0942C50073D98B /* step4_if_fn_do */,
				BA084AE31B0A4E75008F471C /* step5_tco */,
				BA084AF71B0A5583008F471C /* step6_file */,
				BA01939E1B0B9A8300D04B73 /* step7_quote */,
			);
		};
/* End PBXProject section */

/* Begin PBXSourcesBuildPhase section */
		BA01939F1B0B9A8300D04B73 /* Sources */ = {
			isa = PBXSourcesBuildPhase;
			buildActionMask = 2147483647;
			files = (
				BA0193B21B0B9ABA00D04B73 /* step7_quote.m in Sources */,
				BA0193A01B0B9A8300D04B73 /* Tokenizer.m in Sources */,
				BA0193A11B0B9A8300D04B73 /* Types.m in Sources */,
				BA0193A21B0B9A8300D04B73 /* Reader.m in Sources */,
				BA0193A31B0B9A8300D04B73 /* Printer.m in Sources */,
				BA0193A51B0B9A8300D04B73 /* main.m in Sources */,
				BA0193A61B0B9A8300D04B73 /* Environment.m in Sources */,
				BA0193A71B0B9A8300D04B73 /* Core.m in Sources */,
				BA0193A81B0B9A8300D04B73 /* Function.m in Sources */,
				BA0193A91B0B9A8300D04B73 /* NSArray+Functional.m in Sources */,
				BA0193AA1B0B9A8300D04B73 /* Consumers.m in Sources */,
			);
			runOnlyForDeploymentPostprocessing = 0;
		};
		BA084AE41B0A4E75008F471C /* Sources */ = {
			isa = PBXSourcesBuildPhase;
			buildActionMask = 2147483647;
			files = (
				BA084AE51B0A4E75008F471C /* Tokenizer.m in Sources */,
				BA084AE61B0A4E75008F471C /* Types.m in Sources */,
				BA084AE71B0A4E75008F471C /* Reader.m in Sources */,
				BA084AE81B0A4E75008F471C /* Printer.m in Sources */,
				BA084AE91B0A4E75008F471C /* main.m in Sources */,
				BA084AEA1B0A4E75008F471C /* Environment.m in Sources */,
				BA084B0B1B0A55B2008F471C /* step5_tco.m in Sources */,
				BA084AEB1B0A4E75008F471C /* Core.m in Sources */,
				BA084AED1B0A4E75008F471C /* Function.m in Sources */,
				BA084AEE1B0A4E75008F471C /* NSArray+Functional.m in Sources */,
				BA084B0F1B0A6B6B008F471C /* Consumers.m in Sources */,
			);
			runOnlyForDeploymentPostprocessing = 0;
		};
		BA084AF81B0A5583008F471C /* Sources */ = {
			isa = PBXSourcesBuildPhase;
			buildActionMask = 2147483647;
			files = (
				BA084AF91B0A5583008F471C /* Tokenizer.m in Sources */,
				BA084AFB1B0A5583008F471C /* Types.m in Sources */,
				BA084AFC1B0A5583008F471C /* Reader.m in Sources */,
				BA084AFD1B0A5583008F471C /* Printer.m in Sources */,
				BA084AFE1B0A5583008F471C /* main.m in Sources */,
				BA0193B31B0B9AC100D04B73 /* step6_file.m in Sources */,
				BA084AFF1B0A5583008F471C /* Environment.m in Sources */,
				BA084B001B0A5583008F471C /* Core.m in Sources */,
				BA084B011B0A5583008F471C /* Function.m in Sources */,
				BA084B021B0A5583008F471C /* NSArray+Functional.m in Sources */,
				BA084B0E1B0A65A0008F471C /* Consumers.m in Sources */,
			);
			runOnlyForDeploymentPostprocessing = 0;
		};
		BA14D88E1B092D800073D98B /* Sources */ = {
			isa = PBXSourcesBuildPhase;
			buildActionMask = 2147483647;
			files = (
				BA14D88F1B092D800073D98B /* Tokenizer.m in Sources */,
				BA14D8901B092D800073D98B /* Reader.m in Sources */,
				BA084B121B0A6B6D008F471C /* Consumers.m in Sources */,
				BA14D8911B092D800073D98B /* Printer.m in Sources */,
				BA14D89C1B092DC60073D98B /* step2_eval.m in Sources */,
				BA14D8931B092D800073D98B /* main.m in Sources */,
				BA14D8A21B09321F0073D98B /* Function.m in Sources */,
				BA14D8941B092D800073D98B /* NSArray+Functional.m in Sources */,
				BA14D8D31B0961280073D98B /* Types.m in Sources */,
			);
			runOnlyForDeploymentPostprocessing = 0;
		};
		BA14D8A81B0938690073D98B /* Sources */ = {
			isa = PBXSourcesBuildPhase;
			buildActionMask = 2147483647;
			files = (
				BA14D8A91B0938690073D98B /* Tokenizer.m in Sources */,
				BA14D8AA1B0938690073D98B /* Reader.m in Sources */,
				BA14D8AB1B0938690073D98B /* Printer.m in Sources */,
				BA14D8AD1B0938690073D98B /* main.m in Sources */,
				BA14D8AE1B0938690073D98B /* Environment.m in Sources */,
				BA14D8CA1B09430B0073D98B /* step3_env.m in Sources */,
				BA14D8D11B0961270073D98B /* Types.m in Sources */,
				BA14D8AF1B0938690073D98B /* Function.m in Sources */,
				BA084B111B0A6B6C008F471C /* Consumers.m in Sources */,
				BA14D8B01B0938690073D98B /* NSArray+Functional.m in Sources */,
			);
			runOnlyForDeploymentPostprocessing = 0;
		};
		BA14D8B91B0942C50073D98B /* Sources */ = {
			isa = PBXSourcesBuildPhase;
			buildActionMask = 2147483647;
			files = (
				BA14D8BA1B0942C50073D98B /* Tokenizer.m in Sources */,
				BA14D8D01B095EE90073D98B /* Types.m in Sources */,
				BA14D8BB1B0942C50073D98B /* Reader.m in Sources */,
				BA14D8BD1B0942C50073D98B /* Printer.m in Sources */,
				BA14D8BE1B0942C50073D98B /* main.m in Sources */,
				BA14D8BF1B0942C50073D98B /* Environment.m in Sources */,
				BA14D8CD1B094D320073D98B /* Core.m in Sources */,
				BA14D8C91B0942EC0073D98B /* step4_if_fn_do.m in Sources */,
				BA14D8C01B0942C50073D98B /* Function.m in Sources */,
				BA14D8C11B0942C50073D98B /* NSArray+Functional.m in Sources */,
				BA084B101B0A6B6B008F471C /* Consumers.m in Sources */,
			);
			runOnlyForDeploymentPostprocessing = 0;
		};
		BA3931A61B08E55900C690F2 /* Sources */ = {
			isa = PBXSourcesBuildPhase;
			buildActionMask = 2147483647;
			files = (
				BA14D8881B092A1E0073D98B /* main.m in Sources */,
				BA3931B81B08E6B400C690F2 /* step0_repl.m in Sources */,
			);
			runOnlyForDeploymentPostprocessing = 0;
		};
		BA3A5B2A1B0901C40081CE50 /* Sources */ = {
			isa = PBXSourcesBuildPhase;
			buildActionMask = 2147483647;
			files = (
				BA3A5B361B0902390081CE50 /* Tokenizer.m in Sources */,
				BA3A5B4A1B090AA10081CE50 /* Reader.m in Sources */,
				BA3A5B4E1B0910090081CE50 /* Printer.m in Sources */,
				BA3A5B321B0901CD0081CE50 /* step1_read_print.m in Sources */,
				BA14D8891B092A1E0073D98B /* main.m in Sources */,
				BA14D8D21B0961280073D98B /* Types.m in Sources */,
				BA084B131B0A6B6D008F471C /* Consumers.m in Sources */,
				BA14D88C1B092D1B0073D98B /* NSArray+Functional.m in Sources */,
			);
			runOnlyForDeploymentPostprocessing = 0;
		};
/* End PBXSourcesBuildPhase section */

/* Begin XCBuildConfiguration section */
		BA0193AE1B0B9A8300D04B73 /* Debug */ = {
			isa = XCBuildConfiguration;
			buildSettings = {
				OTHER_LDFLAGS = "-lreadline";
				PRODUCT_NAME = step7_quote;
			};
			name = Debug;
		};
		BA0193AF1B0B9A8300D04B73 /* Release */ = {
			isa = XCBuildConfiguration;
			buildSettings = {
				OTHER_LDFLAGS = "-lreadline";
				PRODUCT_NAME = step7_quote;
			};
			name = Release;
		};
		BA084AF21B0A4E75008F471C /* Debug */ = {
			isa = XCBuildConfiguration;
			buildSettings = {
				OTHER_LDFLAGS = "-lreadline";
				PRODUCT_NAME = step5_tco;
			};
			name = Debug;
		};
		BA084AF31B0A4E75008F471C /* Release */ = {
			isa = XCBuildConfiguration;
			buildSettings = {
				OTHER_LDFLAGS = "-lreadline";
				PRODUCT_NAME = step5_tco;
			};
			name = Release;
		};
		BA084B061B0A5583008F471C /* Debug */ = {
			isa = XCBuildConfiguration;
			buildSettings = {
				OTHER_LDFLAGS = "-lreadline";
				PRODUCT_NAME = step6_file;
			};
			name = Debug;
		};
		BA084B071B0A5583008F471C /* Release */ = {
			isa = XCBuildConfiguration;
			buildSettings = {
				OTHER_LDFLAGS = "-lreadline";
				PRODUCT_NAME = step6_file;
			};
			name = Release;
		};
		BA14D8981B092D800073D98B /* Debug */ = {
			isa = XCBuildConfiguration;
			buildSettings = {
				OTHER_LDFLAGS = "-lreadline";
				PRODUCT_NAME = step2_eval;
			};
			name = Debug;
		};
		BA14D8991B092D800073D98B /* Release */ = {
			isa = XCBuildConfiguration;
			buildSettings = {
				OTHER_LDFLAGS = "-lreadline";
				PRODUCT_NAME = step2_eval;
			};
			name = Release;
		};
		BA14D8B41B0938690073D98B /* Debug */ = {
			isa = XCBuildConfiguration;
			buildSettings = {
				OTHER_LDFLAGS = "-lreadline";
				PRODUCT_NAME = step3_env;
			};
			name = Debug;
		};
		BA14D8B51B0938690073D98B /* Release */ = {
			isa = XCBuildConfiguration;
			buildSettings = {
				OTHER_LDFLAGS = "-lreadline";
				PRODUCT_NAME = step3_env;
			};
			name = Release;
		};
		BA14D8C51B0942C50073D98B /* Debug */ = {
			isa = XCBuildConfiguration;
			buildSettings = {
				OTHER_LDFLAGS = "-lreadline";
				PRODUCT_NAME = step4_if_fn_do;
			};
			name = Debug;
		};
		BA14D8C61B0942C50073D98B /* Release */ = {
			isa = XCBuildConfiguration;
			buildSettings = {
				OTHER_LDFLAGS = "-lreadline";
				PRODUCT_NAME = step4_if_fn_do;
			};
			name = Release;
		};
		BA3931AF1B08E55900C690F2 /* Debug */ = {
			isa = XCBuildConfiguration;
			buildSettings = {
				ALWAYS_SEARCH_USER_PATHS = NO;
				CLANG_CXX_LANGUAGE_STANDARD = "gnu++0x";
				CLANG_CXX_LIBRARY = "libc++";
				CLANG_ENABLE_MODULES = YES;
				CLANG_ENABLE_OBJC_ARC = YES;
				CLANG_WARN_BOOL_CONVERSION = YES;
				CLANG_WARN_CONSTANT_CONVERSION = YES;
				CLANG_WARN_DIRECT_OBJC_ISA_USAGE = YES_ERROR;
				CLANG_WARN_EMPTY_BODY = YES;
				CLANG_WARN_ENUM_CONVERSION = YES;
				CLANG_WARN_INT_CONVERSION = YES;
				CLANG_WARN_OBJC_ROOT_CLASS = YES_ERROR;
				CLANG_WARN_UNREACHABLE_CODE = YES;
				CLANG_WARN__DUPLICATE_METHOD_MATCH = YES;
				COPY_PHASE_STRIP = NO;
				DEBUG_INFORMATION_FORMAT = dwarf;
				ENABLE_STRICT_OBJC_MSGSEND = YES;
				GCC_C_LANGUAGE_STANDARD = gnu99;
				GCC_DYNAMIC_NO_PIC = NO;
				GCC_NO_COMMON_BLOCKS = YES;
				GCC_OPTIMIZATION_LEVEL = 0;
				GCC_PREPROCESSOR_DEFINITIONS = (
					"DEBUG=1",
					"$(inherited)",
				);
				GCC_SYMBOLS_PRIVATE_EXTERN = NO;
				GCC_WARN_64_TO_32_BIT_CONVERSION = YES;
				GCC_WARN_ABOUT_RETURN_TYPE = YES_ERROR;
				GCC_WARN_UNDECLARED_SELECTOR = YES;
				GCC_WARN_UNINITIALIZED_AUTOS = YES_AGGRESSIVE;
				GCC_WARN_UNUSED_FUNCTION = YES;
				GCC_WARN_UNUSED_VARIABLE = YES;
				MACOSX_DEPLOYMENT_TARGET = 10.10;
				MTL_ENABLE_DEBUG_INFO = YES;
				ONLY_ACTIVE_ARCH = YES;
				SDKROOT = macosx;
			};
			name = Debug;
		};
		BA3931B01B08E55900C690F2 /* Release */ = {
			isa = XCBuildConfiguration;
			buildSettings = {
				ALWAYS_SEARCH_USER_PATHS = NO;
				CLANG_CXX_LANGUAGE_STANDARD = "gnu++0x";
				CLANG_CXX_LIBRARY = "libc++";
				CLANG_ENABLE_MODULES = YES;
				CLANG_ENABLE_OBJC_ARC = YES;
				CLANG_WARN_BOOL_CONVERSION = YES;
				CLANG_WARN_CONSTANT_CONVERSION = YES;
				CLANG_WARN_DIRECT_OBJC_ISA_USAGE = YES_ERROR;
				CLANG_WARN_EMPTY_BODY = YES;
				CLANG_WARN_ENUM_CONVERSION = YES;
				CLANG_WARN_INT_CONVERSION = YES;
				CLANG_WARN_OBJC_ROOT_CLASS = YES_ERROR;
				CLANG_WARN_UNREACHABLE_CODE = YES;
				CLANG_WARN__DUPLICATE_METHOD_MATCH = YES;
				COPY_PHASE_STRIP = NO;
				DEBUG_INFORMATION_FORMAT = "dwarf-with-dsym";
				ENABLE_NS_ASSERTIONS = NO;
				ENABLE_STRICT_OBJC_MSGSEND = YES;
				GCC_C_LANGUAGE_STANDARD = gnu99;
				GCC_NO_COMMON_BLOCKS = YES;
				GCC_WARN_64_TO_32_BIT_CONVERSION = YES;
				GCC_WARN_ABOUT_RETURN_TYPE = YES_ERROR;
				GCC_WARN_UNDECLARED_SELECTOR = YES;
				GCC_WARN_UNINITIALIZED_AUTOS = YES_AGGRESSIVE;
				GCC_WARN_UNUSED_FUNCTION = YES;
				GCC_WARN_UNUSED_VARIABLE = YES;
				MACOSX_DEPLOYMENT_TARGET = 10.10;
				MTL_ENABLE_DEBUG_INFO = NO;
				SDKROOT = macosx;
			};
			name = Release;
		};
		BA3931B21B08E55900C690F2 /* Debug */ = {
			isa = XCBuildConfiguration;
			buildSettings = {
				OTHER_LDFLAGS = "-lreadline";
				PRODUCT_NAME = "$(TARGET_NAME)";
			};
			name = Debug;
		};
		BA3931B31B08E55900C690F2 /* Release */ = {
			isa = XCBuildConfiguration;
			buildSettings = {
				OTHER_LDFLAGS = "-lreadline";
				PRODUCT_NAME = "$(TARGET_NAME)";
			};
			name = Release;
		};
		BA3A5B2F1B0901C40081CE50 /* Debug */ = {
			isa = XCBuildConfiguration;
			buildSettings = {
				OTHER_LDFLAGS = "-lreadline";
				PRODUCT_NAME = step1_read_print;
			};
			name = Debug;
		};
		BA3A5B301B0901C40081CE50 /* Release */ = {
			isa = XCBuildConfiguration;
			buildSettings = {
				OTHER_LDFLAGS = "-lreadline";
				PRODUCT_NAME = step1_read_print;
			};
			name = Release;
		};
/* End XCBuildConfiguration section */

/* Begin XCConfigurationList section */
		BA0193AD1B0B9A8300D04B73 /* Build configuration list for PBXNativeTarget "step7_quote" */ = {
			isa = XCConfigurationList;
			buildConfigurations = (
				BA0193AE1B0B9A8300D04B73 /* Debug */,
				BA0193AF1B0B9A8300D04B73 /* Release */,
			);
			defaultConfigurationIsVisible = 0;
			defaultConfigurationName = Release;
		};
		BA084AF11B0A4E75008F471C /* Build configuration list for PBXNativeTarget "step5_tco" */ = {
			isa = XCConfigurationList;
			buildConfigurations = (
				BA084AF21B0A4E75008F471C /* Debug */,
				BA084AF31B0A4E75008F471C /* Release */,
			);
			defaultConfigurationIsVisible = 0;
			defaultConfigurationName = Release;
		};
		BA084B051B0A5583008F471C /* Build configuration list for PBXNativeTarget "step6_file" */ = {
			isa = XCConfigurationList;
			buildConfigurations = (
				BA084B061B0A5583008F471C /* Debug */,
				BA084B071B0A5583008F471C /* Release */,
			);
			defaultConfigurationIsVisible = 0;
			defaultConfigurationName = Release;
		};
		BA14D8971B092D800073D98B /* Build configuration list for PBXNativeTarget "step2_eval" */ = {
			isa = XCConfigurationList;
			buildConfigurations = (
				BA14D8981B092D800073D98B /* Debug */,
				BA14D8991B092D800073D98B /* Release */,
			);
			defaultConfigurationIsVisible = 0;
			defaultConfigurationName = Release;
		};
		BA14D8B31B0938690073D98B /* Build configuration list for PBXNativeTarget "step3_env" */ = {
			isa = XCConfigurationList;
			buildConfigurations = (
				BA14D8B41B0938690073D98B /* Debug */,
				BA14D8B51B0938690073D98B /* Release */,
			);
			defaultConfigurationIsVisible = 0;
			defaultConfigurationName = Release;
		};
		BA14D8C41B0942C50073D98B /* Build configuration list for PBXNativeTarget "step4_if_fn_do" */ = {
			isa = XCConfigurationList;
			buildConfigurations = (
				BA14D8C51B0942C50073D98B /* Debug */,
				BA14D8C61B0942C50073D98B /* Release */,
			);
			defaultConfigurationIsVisible = 0;
			defaultConfigurationName = Release;
		};
		BA3931A51B08E55900C690F2 /* Build configuration list for PBXProject "mal_objc" */ = {
			isa = XCConfigurationList;
			buildConfigurations = (
				BA3931AF1B08E55900C690F2 /* Debug */,
				BA3931B01B08E55900C690F2 /* Release */,
			);
			defaultConfigurationIsVisible = 0;
			defaultConfigurationName = Release;
		};
		BA3931B11B08E55900C690F2 /* Build configuration list for PBXNativeTarget "step0_repl" */ = {
			isa = XCConfigurationList;
			buildConfigurations = (
				BA3931B21B08E55900C690F2 /* Debug */,
				BA3931B31B08E55900C690F2 /* Release */,
			);
			defaultConfigurationIsVisible = 0;
			defaultConfigurationName = Release;
		};
		BA3A5B2E1B0901C40081CE50 /* Build configuration list for PBXNativeTarget "step1_read_print" */ = {
			isa = XCConfigurationList;
			buildConfigurations = (
				BA3A5B2F1B0901C40081CE50 /* Debug */,
				BA3A5B301B0901C40081CE50 /* Release */,
			);
			defaultConfigurationIsVisible = 0;
			defaultConfigurationName = Release;
		};
/* End XCConfigurationList section */
	};
	rootObject = BA3931A21B08E55900C690F2 /* Project object */;
}
