// !$*UTF8*$!
{
	archiveVersion = 1;
	classes = {
	};
	objectVersion = 46;
	objects = {

/* Begin PBXBuildFile section */
		BA14D8881B092A1E0073D98B /* main.m in Sources */ = {isa = PBXBuildFile; fileRef = BA14D8871B092A1E0073D98B /* main.m */; };
		BA14D8891B092A1E0073D98B /* main.m in Sources */ = {isa = PBXBuildFile; fileRef = BA14D8871B092A1E0073D98B /* main.m */; };
		BA14D88C1B092D1B0073D98B /* NSArray+Functional.m in Sources */ = {isa = PBXBuildFile; fileRef = BA14D88B1B092D1B0073D98B /* NSArray+Functional.m */; };
		BA14D88F1B092D800073D98B /* Tokenizer.m in Sources */ = {isa = PBXBuildFile; fileRef = BA3A5B341B0902350081CE50 /* Tokenizer.m */; };
		BA14D8901B092D800073D98B /* Reader.m in Sources */ = {isa = PBXBuildFile; fileRef = BA3A5B481B090A9A0081CE50 /* Reader.m */; };
		BA14D8911B092D800073D98B /* Printer.m in Sources */ = {isa = PBXBuildFile; fileRef = BA3A5B4C1B0910040081CE50 /* Printer.m */; };
		BA14D8931B092D800073D98B /* main.m in Sources */ = {isa = PBXBuildFile; fileRef = BA14D8871B092A1E0073D98B /* main.m */; };
		BA14D8941B092D800073D98B /* NSArray+Functional.m in Sources */ = {isa = PBXBuildFile; fileRef = BA14D88B1B092D1B0073D98B /* NSArray+Functional.m */; };
		BA14D89C1B092DC60073D98B /* step2_eval.m in Sources */ = {isa = PBXBuildFile; fileRef = BA14D89B1B092DC60073D98B /* step2_eval.m */; };
		BA14D8A21B09321F0073D98B /* Operation.m in Sources */ = {isa = PBXBuildFile; fileRef = BA14D8A11B09321F0073D98B /* Operation.m */; };
		BA3931B81B08E6B400C690F2 /* step0_repl.m in Sources */ = {isa = PBXBuildFile; fileRef = BA3931B71B08E6B400C690F2 /* step0_repl.m */; };
		BA3A5B321B0901CD0081CE50 /* step1_read_print.m in Sources */ = {isa = PBXBuildFile; fileRef = BA3A5B281B0901BF0081CE50 /* step1_read_print.m */; };
		BA3A5B361B0902390081CE50 /* Tokenizer.m in Sources */ = {isa = PBXBuildFile; fileRef = BA3A5B341B0902350081CE50 /* Tokenizer.m */; };
		BA3A5B4A1B090AA10081CE50 /* Reader.m in Sources */ = {isa = PBXBuildFile; fileRef = BA3A5B481B090A9A0081CE50 /* Reader.m */; };
		BA3A5B4E1B0910090081CE50 /* Printer.m in Sources */ = {isa = PBXBuildFile; fileRef = BA3A5B4C1B0910040081CE50 /* Printer.m */; };
/* End PBXBuildFile section */

/* Begin PBXCopyFilesBuildPhase section */
		BA14D8961B092D800073D98B /* CopyFiles */ = {
			isa = PBXCopyFilesBuildPhase;
			buildActionMask = 2147483647;
			dstPath = /usr/share/man/man1/;
			dstSubfolderSpec = 0;
			files = (
			);
			runOnlyForDeploymentPostprocessing = 1;
		};
		BA3931A81B08E55900C690F2 /* CopyFiles */ = {
			isa = PBXCopyFilesBuildPhase;
			buildActionMask = 2147483647;
			dstPath = /usr/share/man/man1/;
			dstSubfolderSpec = 0;
			files = (
			);
			runOnlyForDeploymentPostprocessing = 1;
		};
		BA3A5B2D1B0901C40081CE50 /* CopyFiles */ = {
			isa = PBXCopyFilesBuildPhase;
			buildActionMask = 2147483647;
			dstPath = /usr/share/man/man1/;
			dstSubfolderSpec = 0;
			files = (
			);
			runOnlyForDeploymentPostprocessing = 1;
		};
/* End PBXCopyFilesBuildPhase section */

/* Begin PBXFileReference section */
		BA14D8871B092A1E0073D98B /* main.m */ = {isa = PBXFileReference; fileEncoding = 4; lastKnownFileType = sourcecode.c.objc; path = main.m; sourceTree = "<group>"; };
		BA14D88A1B092D1B0073D98B /* NSArray+Functional.h */ = {isa = PBXFileReference; fileEncoding = 4; lastKnownFileType = sourcecode.c.h; path = "NSArray+Functional.h"; sourceTree = "<group>"; };
		BA14D88B1B092D1B0073D98B /* NSArray+Functional.m */ = {isa = PBXFileReference; fileEncoding = 4; lastKnownFileType = sourcecode.c.objc; path = "NSArray+Functional.m"; sourceTree = "<group>"; };
		BA14D89A1B092D800073D98B /* step2_eval */ = {isa = PBXFileReference; explicitFileType = "compiled.mach-o.executable"; includeInIndex = 0; path = step2_eval; sourceTree = BUILT_PRODUCTS_DIR; };
		BA14D89B1B092DC60073D98B /* step2_eval.m */ = {isa = PBXFileReference; fileEncoding = 4; lastKnownFileType = sourcecode.c.objc; path = step2_eval.m; sourceTree = "<group>"; };
		BA14D89D1B092E790073D98B /* REPL.h */ = {isa = PBXFileReference; fileEncoding = 4; lastKnownFileType = sourcecode.c.h; path = REPL.h; sourceTree = "<group>"; };
		BA14D8A01B09321F0073D98B /* Operation.h */ = {isa = PBXFileReference; fileEncoding = 4; lastKnownFileType = sourcecode.c.h; path = Operation.h; sourceTree = "<group>"; };
		BA14D8A11B09321F0073D98B /* Operation.m */ = {isa = PBXFileReference; fileEncoding = 4; lastKnownFileType = sourcecode.c.objc; path = Operation.m; sourceTree = "<group>"; };
		BA3931AA1B08E55900C690F2 /* step0_repl */ = {isa = PBXFileReference; explicitFileType = "compiled.mach-o.executable"; includeInIndex = 0; path = step0_repl; sourceTree = BUILT_PRODUCTS_DIR; };
		BA3931B41B08E58B00C690F2 /* Makefile */ = {isa = PBXFileReference; lastKnownFileType = sourcecode.make; path = Makefile; sourceTree = "<group>"; };
		BA3931B71B08E6B400C690F2 /* step0_repl.m */ = {isa = PBXFileReference; fileEncoding = 4; lastKnownFileType = sourcecode.c.objc; path = step0_repl.m; sourceTree = "<group>"; };
		BA3931B91B08F10100C690F2 /* Makefile */ = {isa = PBXFileReference; lastKnownFileType = sourcecode.make; path = Makefile; sourceTree = "<group>"; };
		BA3A5B281B0901BF0081CE50 /* step1_read_print.m */ = {isa = PBXFileReference; lastKnownFileType = sourcecode.c.objc; path = step1_read_print.m; sourceTree = "<group>"; };
		BA3A5B311B0901C40081CE50 /* step1_read_print */ = {isa = PBXFileReference; explicitFileType = "compiled.mach-o.executable"; includeInIndex = 0; path = step1_read_print; sourceTree = BUILT_PRODUCTS_DIR; };
		BA3A5B331B0902350081CE50 /* Tokenizer.h */ = {isa = PBXFileReference; fileEncoding = 4; lastKnownFileType = sourcecode.c.h; path = Tokenizer.h; sourceTree = "<group>"; };
		BA3A5B341B0902350081CE50 /* Tokenizer.m */ = {isa = PBXFileReference; fileEncoding = 4; lastKnownFileType = sourcecode.c.objc; path = Tokenizer.m; sourceTree = "<group>"; };
		BA3A5B471B090A9A0081CE50 /* Reader.h */ = {isa = PBXFileReference; fileEncoding = 4; lastKnownFileType = sourcecode.c.h; path = Reader.h; sourceTree = "<group>"; };
		BA3A5B481B090A9A0081CE50 /* Reader.m */ = {isa = PBXFileReference; fileEncoding = 4; lastKnownFileType = sourcecode.c.objc; path = Reader.m; sourceTree = "<group>"; };
		BA3A5B4B1B0910040081CE50 /* Printer.h */ = {isa = PBXFileReference; fileEncoding = 4; lastKnownFileType = sourcecode.c.h; path = Printer.h; sourceTree = "<group>"; };
		BA3A5B4C1B0910040081CE50 /* Printer.m */ = {isa = PBXFileReference; fileEncoding = 4; lastKnownFileType = sourcecode.c.objc; path = Printer.m; sourceTree = "<group>"; };
/* End PBXFileReference section */

/* Begin PBXFrameworksBuildPhase section */
		BA14D8951B092D800073D98B /* Frameworks */ = {
			isa = PBXFrameworksBuildPhase;
			buildActionMask = 2147483647;
			files = (
			);
			runOnlyForDeploymentPostprocessing = 0;
		};
		BA3931A71B08E55900C690F2 /* Frameworks */ = {
			isa = PBXFrameworksBuildPhase;
			buildActionMask = 2147483647;
			files = (
			);
			runOnlyForDeploymentPostprocessing = 0;
		};
		BA3A5B2C1B0901C40081CE50 /* Frameworks */ = {
			isa = PBXFrameworksBuildPhase;
			buildActionMask = 2147483647;
			files = (
			);
			runOnlyForDeploymentPostprocessing = 0;
		};
/* End PBXFrameworksBuildPhase section */

/* Begin PBXGroup section */
		BA3931A11B08E55900C690F2 = {
			isa = PBXGroup;
			children = (
				BA3931B91B08F10100C690F2 /* Makefile */,
				BA3931B51B08E59100C690F2 /* Global Makefile */,
				BA3931AC1B08E55900C690F2 /* mal-objc */,
				BA3931AB1B08E55900C690F2 /* Products */,
			);
			sourceTree = "<group>";
		};
		BA3931AB1B08E55900C690F2 /* Products */ = {
			isa = PBXGroup;
			children = (
				BA3931AA1B08E55900C690F2 /* step0_repl */,
				BA3A5B311B0901C40081CE50 /* step1_read_print */,
				BA14D89A1B092D800073D98B /* step2_eval */,
			);
			name = Products;
			sourceTree = "<group>";
		};
		BA3931AC1B08E55900C690F2 /* mal-objc */ = {
			isa = PBXGroup;
			children = (
				BA14D8871B092A1E0073D98B /* main.m */,
				BA14D89D1B092E790073D98B /* REPL.h */,
				BA3931B71B08E6B400C690F2 /* step0_repl.m */,
				BA3A5B281B0901BF0081CE50 /* step1_read_print.m */,
				BA14D89B1B092DC60073D98B /* step2_eval.m */,
				BA3A5B521B0911220081CE50 /* Helpers */,
				BA3A5B331B0902350081CE50 /* Tokenizer.h */,
				BA3A5B341B0902350081CE50 /* Tokenizer.m */,
				BA3A5B471B090A9A0081CE50 /* Reader.h */,
				BA3A5B481B090A9A0081CE50 /* Reader.m */,
				BA3A5B4B1B0910040081CE50 /* Printer.h */,
				BA3A5B4C1B0910040081CE50 /* Printer.m */,
				BA14D8A01B09321F0073D98B /* Operation.h */,
				BA14D8A11B09321F0073D98B /* Operation.m */,
			);
			path = "mal-objc";
			sourceTree = "<group>";
		};
		BA3931B51B08E59100C690F2 /* Global Makefile */ = {
			isa = PBXGroup;
			children = (
				BA3931B41B08E58B00C690F2 /* Makefile */,
			);
			name = "Global Makefile";
			path = ..;
			sourceTree = "<group>";
		};
		BA3A5B521B0911220081CE50 /* Helpers */ = {
			isa = PBXGroup;
			children = (
				BA14D88A1B092D1B0073D98B /* NSArray+Functional.h */,
				BA14D88B1B092D1B0073D98B /* NSArray+Functional.m */,
			);
			name = Helpers;
			sourceTree = "<group>";
		};
/* End PBXGroup section */

/* Begin PBXNativeTarget section */
		BA14D88D1B092D800073D98B /* step2_eval */ = {
			isa = PBXNativeTarget;
			buildConfigurationList = BA14D8971B092D800073D98B /* Build configuration list for PBXNativeTarget "step2_eval" */;
			buildPhases = (
				BA14D88E1B092D800073D98B /* Sources */,
				BA14D8951B092D800073D98B /* Frameworks */,
				BA14D8961B092D800073D98B /* CopyFiles */,
			);
			buildRules = (
			);
			dependencies = (
			);
			name = step2_eval;
			productName = "mal-objc";
			productReference = BA14D89A1B092D800073D98B /* step2_eval */;
			productType = "com.apple.product-type.tool";
		};
		BA3931A91B08E55900C690F2 /* step0_repl */ = {
			isa = PBXNativeTarget;
			buildConfigurationList = BA3931B11B08E55900C690F2 /* Build configuration list for PBXNativeTarget "step0_repl" */;
			buildPhases = (
				BA3931A61B08E55900C690F2 /* Sources */,
				BA3931A71B08E55900C690F2 /* Frameworks */,
				BA3931A81B08E55900C690F2 /* CopyFiles */,
			);
			buildRules = (
			);
			dependencies = (
			);
			name = step0_repl;
			productName = "mal-objc";
			productReference = BA3931AA1B08E55900C690F2 /* step0_repl */;
			productType = "com.apple.product-type.tool";
		};
		BA3A5B291B0901C40081CE50 /* step1_read_print */ = {
			isa = PBXNativeTarget;
			buildConfigurationList = BA3A5B2E1B0901C40081CE50 /* Build configuration list for PBXNativeTarget "step1_read_print" */;
			buildPhases = (
				BA3A5B2A1B0901C40081CE50 /* Sources */,
				BA3A5B2C1B0901C40081CE50 /* Frameworks */,
				BA3A5B2D1B0901C40081CE50 /* CopyFiles */,
			);
			buildRules = (
			);
			dependencies = (
			);
			name = step1_read_print;
			productName = "mal-objc";
			productReference = BA3A5B311B0901C40081CE50 /* step1_read_print */;
			productType = "com.apple.product-type.tool";
		};
/* End PBXNativeTarget section */

/* Begin PBXProject section */
		BA3931A21B08E55900C690F2 /* Project object */ = {
			isa = PBXProject;
			attributes = {
				LastUpgradeCheck = 0630;
				ORGANIZATIONNAME = ilyan;
				TargetAttributes = {
					BA3931A91B08E55900C690F2 = {
						CreatedOnToolsVersion = 6.3.1;
					};
				};
			};
			buildConfigurationList = BA3931A51B08E55900C690F2 /* Build configuration list for PBXProject "mal_objc" */;
			compatibilityVersion = "Xcode 3.2";
			developmentRegion = English;
			hasScannedForEncodings = 0;
			knownRegions = (
				en,
			);
			mainGroup = BA3931A11B08E55900C690F2;
			productRefGroup = BA3931AB1B08E55900C690F2 /* Products */;
			projectDirPath = "";
			projectRoot = "";
			targets = (
				BA3931A91B08E55900C690F2 /* step0_repl */,
				BA3A5B291B0901C40081CE50 /* step1_read_print */,
				BA14D88D1B092D800073D98B /* step2_eval */,
			);
		};
/* End PBXProject section */

/* Begin PBXSourcesBuildPhase section */
		BA14D88E1B092D800073D98B /* Sources */ = {
			isa = PBXSourcesBuildPhase;
			buildActionMask = 2147483647;
			files = (
				BA14D88F1B092D800073D98B /* Tokenizer.m in Sources */,
				BA14D8901B092D800073D98B /* Reader.m in Sources */,
				BA14D8911B092D800073D98B /* Printer.m in Sources */,
				BA14D89C1B092DC60073D98B /* step2_eval.m in Sources */,
				BA14D8931B092D800073D98B /* main.m in Sources */,
				BA14D8A21B09321F0073D98B /* Operation.m in Sources */,
				BA14D8941B092D800073D98B /* NSArray+Functional.m in Sources */,
			);
			runOnlyForDeploymentPostprocessing = 0;
		};
		BA3931A61B08E55900C690F2 /* Sources */ = {
			isa = PBXSourcesBuildPhase;
			buildActionMask = 2147483647;
			files = (
				BA14D8881B092A1E0073D98B /* main.m in Sources */,
				BA3931B81B08E6B400C690F2 /* step0_repl.m in Sources */,
			);
			runOnlyForDeploymentPostprocessing = 0;
		};
		BA3A5B2A1B0901C40081CE50 /* Sources */ = {
			isa = PBXSourcesBuildPhase;
			buildActionMask = 2147483647;
			files = (
				BA3A5B361B0902390081CE50 /* Tokenizer.m in Sources */,
				BA3A5B4A1B090AA10081CE50 /* Reader.m in Sources */,
				BA3A5B4E1B0910090081CE50 /* Printer.m in Sources */,
				BA3A5B321B0901CD0081CE50 /* step1_read_print.m in Sources */,
				BA14D8891B092A1E0073D98B /* main.m in Sources */,
				BA14D88C1B092D1B0073D98B /* NSArray+Functional.m in Sources */,
			);
			runOnlyForDeploymentPostprocessing = 0;
		};
/* End PBXSourcesBuildPhase section */

/* Begin XCBuildConfiguration section */
		BA14D8981B092D800073D98B /* Debug */ = {
			isa = XCBuildConfiguration;
			buildSettings = {
				OTHER_LDFLAGS = "-lreadline";
				PRODUCT_NAME = step2_eval;
			};
			name = Debug;
		};
		BA14D8991B092D800073D98B /* Release */ = {
			isa = XCBuildConfiguration;
			buildSettings = {
				OTHER_LDFLAGS = "-lreadline";
				PRODUCT_NAME = step2_eval;
			};
			name = Release;
		};
		BA3931AF1B08E55900C690F2 /* Debug */ = {
			isa = XCBuildConfiguration;
			buildSettings = {
				ALWAYS_SEARCH_USER_PATHS = NO;
				CLANG_CXX_LANGUAGE_STANDARD = "gnu++0x";
				CLANG_CXX_LIBRARY = "libc++";
				CLANG_ENABLE_MODULES = YES;
				CLANG_ENABLE_OBJC_ARC = YES;
				CLANG_WARN_BOOL_CONVERSION = YES;
				CLANG_WARN_CONSTANT_CONVERSION = YES;
				CLANG_WARN_DIRECT_OBJC_ISA_USAGE = YES_ERROR;
				CLANG_WARN_EMPTY_BODY = YES;
				CLANG_WARN_ENUM_CONVERSION = YES;
				CLANG_WARN_INT_CONVERSION = YES;
				CLANG_WARN_OBJC_ROOT_CLASS = YES_ERROR;
				CLANG_WARN_UNREACHABLE_CODE = YES;
				CLANG_WARN__DUPLICATE_METHOD_MATCH = YES;
				COPY_PHASE_STRIP = NO;
				DEBUG_INFORMATION_FORMAT = dwarf;
				ENABLE_STRICT_OBJC_MSGSEND = YES;
				GCC_C_LANGUAGE_STANDARD = gnu99;
				GCC_DYNAMIC_NO_PIC = NO;
				GCC_NO_COMMON_BLOCKS = YES;
				GCC_OPTIMIZATION_LEVEL = 0;
				GCC_PREPROCESSOR_DEFINITIONS = (
					"DEBUG=1",
					"$(inherited)",
				);
				GCC_SYMBOLS_PRIVATE_EXTERN = NO;
				GCC_WARN_64_TO_32_BIT_CONVERSION = YES;
				GCC_WARN_ABOUT_RETURN_TYPE = YES_ERROR;
				GCC_WARN_UNDECLARED_SELECTOR = YES;
				GCC_WARN_UNINITIALIZED_AUTOS = YES_AGGRESSIVE;
				GCC_WARN_UNUSED_FUNCTION = YES;
				GCC_WARN_UNUSED_VARIABLE = YES;
				MACOSX_DEPLOYMENT_TARGET = 10.10;
				MTL_ENABLE_DEBUG_INFO = YES;
				ONLY_ACTIVE_ARCH = YES;
				SDKROOT = macosx;
			};
			name = Debug;
		};
		BA3931B01B08E55900C690F2 /* Release */ = {
			isa = XCBuildConfiguration;
			buildSettings = {
				ALWAYS_SEARCH_USER_PATHS = NO;
				CLANG_CXX_LANGUAGE_STANDARD = "gnu++0x";
				CLANG_CXX_LIBRARY = "libc++";
				CLANG_ENABLE_MODULES = YES;
				CLANG_ENABLE_OBJC_ARC = YES;
				CLANG_WARN_BOOL_CONVERSION = YES;
				CLANG_WARN_CONSTANT_CONVERSION = YES;
				CLANG_WARN_DIRECT_OBJC_ISA_USAGE = YES_ERROR;
				CLANG_WARN_EMPTY_BODY = YES;
				CLANG_WARN_ENUM_CONVERSION = YES;
				CLANG_WARN_INT_CONVERSION = YES;
				CLANG_WARN_OBJC_ROOT_CLASS = YES_ERROR;
				CLANG_WARN_UNREACHABLE_CODE = YES;
				CLANG_WARN__DUPLICATE_METHOD_MATCH = YES;
				COPY_PHASE_STRIP = NO;
				DEBUG_INFORMATION_FORMAT = "dwarf-with-dsym";
				ENABLE_NS_ASSERTIONS = NO;
				ENABLE_STRICT_OBJC_MSGSEND = YES;
				GCC_C_LANGUAGE_STANDARD = gnu99;
				GCC_NO_COMMON_BLOCKS = YES;
				GCC_WARN_64_TO_32_BIT_CONVERSION = YES;
				GCC_WARN_ABOUT_RETURN_TYPE = YES_ERROR;
				GCC_WARN_UNDECLARED_SELECTOR = YES;
				GCC_WARN_UNINITIALIZED_AUTOS = YES_AGGRESSIVE;
				GCC_WARN_UNUSED_FUNCTION = YES;
				GCC_WARN_UNUSED_VARIABLE = YES;
				MACOSX_DEPLOYMENT_TARGET = 10.10;
				MTL_ENABLE_DEBUG_INFO = NO;
				SDKROOT = macosx;
			};
			name = Release;
		};
		BA3931B21B08E55900C690F2 /* Debug */ = {
			isa = XCBuildConfiguration;
			buildSettings = {
				OTHER_LDFLAGS = "-lreadline";
				PRODUCT_NAME = "$(TARGET_NAME)";
			};
			name = Debug;
		};
		BA3931B31B08E55900C690F2 /* Release */ = {
			isa = XCBuildConfiguration;
			buildSettings = {
				OTHER_LDFLAGS = "-lreadline";
				PRODUCT_NAME = "$(TARGET_NAME)";
			};
			name = Release;
		};
		BA3A5B2F1B0901C40081CE50 /* Debug */ = {
			isa = XCBuildConfiguration;
			buildSettings = {
				OTHER_LDFLAGS = "-lreadline";
				PRODUCT_NAME = step1_read_print;
			};
			name = Debug;
		};
		BA3A5B301B0901C40081CE50 /* Release */ = {
			isa = XCBuildConfiguration;
			buildSettings = {
				OTHER_LDFLAGS = "-lreadline";
				PRODUCT_NAME = step1_read_print;
			};
			name = Release;
		};
/* End XCBuildConfiguration section */

/* Begin XCConfigurationList section */
		BA14D8971B092D800073D98B /* Build configuration list for PBXNativeTarget "step2_eval" */ = {
			isa = XCConfigurationList;
			buildConfigurations = (
				BA14D8981B092D800073D98B /* Debug */,
				BA14D8991B092D800073D98B /* Release */,
			);
			defaultConfigurationIsVisible = 0;
			defaultConfigurationName = Release;
		};
		BA3931A51B08E55900C690F2 /* Build configuration list for PBXProject "mal_objc" */ = {
			isa = XCConfigurationList;
			buildConfigurations = (
				BA3931AF1B08E55900C690F2 /* Debug */,
				BA3931B01B08E55900C690F2 /* Release */,
			);
			defaultConfigurationIsVisible = 0;
			defaultConfigurationName = Release;
		};
		BA3931B11B08E55900C690F2 /* Build configuration list for PBXNativeTarget "step0_repl" */ = {
			isa = XCConfigurationList;
			buildConfigurations = (
				BA3931B21B08E55900C690F2 /* Debug */,
				BA3931B31B08E55900C690F2 /* Release */,
			);
			defaultConfigurationIsVisible = 0;
			defaultConfigurationName = Release;
		};
		BA3A5B2E1B0901C40081CE50 /* Build configuration list for PBXNativeTarget "step1_read_print" */ = {
			isa = XCConfigurationList;
			buildConfigurations = (
				BA3A5B2F1B0901C40081CE50 /* Debug */,
				BA3A5B301B0901C40081CE50 /* Release */,
			);
			defaultConfigurationIsVisible = 0;
			defaultConfigurationName = Release;
		};
/* End XCConfigurationList section */
	};
	rootObject = BA3931A21B08E55900C690F2 /* Project object */;
}
